
Microsoft Visual Studio Solution File, Format Version 12.00
# Visual Studio 15
VisualStudioVersion = 15.0.28010.2050
MinimumVisualStudioVersion = 10.0.40219.1
Project("{F184B08F-C81C-45F6-A57F-5ABD9991F28F}") = "1-Data-Bound", "1-Data-Bound\1-Data-Bound.vbproj", "{9264BC6F-D40D-4386-94B3-98EB821C359F}"
EndProject
Global
	GlobalSection(SolutionConfigurationPlatforms) = preSolution
		Debug|Any CPU = Debug|Any CPU
		Release|Any CPU = Release|Any CPU
	EndGlobalSection
	GlobalSection(ProjectConfigurationPlatforms) = postSolution
		{9264BC6F-D40D-4386-94B3-98EB821C359F}.Debug|Any CPU.ActiveCfg = Debug|Any CPU
		{9264BC6F-D40D-4386-94B3-98EB821C359F}.Debug|Any CPU.Build.0 = Debug|Any CPU
		{9264BC6F-D40D-4386-94B3-98EB821C359F}.Release|Any CPU.ActiveCfg = Release|Any CPU
		{9264BC6F-D40D-4386-94B3-98EB821C359F}.Release|Any CPU.Build.0 = Release|Any CPU
	EndGlobalSection
	GlobalSection(SolutionProperties) = preSolution
		HideSolutionNode = FALSE
	EndGlobalSection
	GlobalSection(ExtensibilityGlobals) = postSolution
		SolutionGuid = {80500C54-1A43-41AD-A9D0-447BA47E8FA1}
	EndGlobalSection
EndGlobal
